
Microsoft Visual Studio Solution File, Format Version 12.00
# Visual Studio Version 16
VisualStudioVersion = 16.0.30804.86
MinimumVisualStudioVersion = 10.0.40219.1
Project("{2150E333-8FDC-42A3-9474-1A3956D46DE8}") = "Doc", "Doc", "{7EF2C4D3-7DAF-44A7-83F7-AC857313FBE7}"
EndProject
Project("{2150E333-8FDC-42A3-9474-1A3956D46DE8}") = "Src", "Src", "{439A4B5C-959B-45A5-BF95-BE295EDA7C90}"
EndProject
Project("{2150E333-8FDC-42A3-9474-1A3956D46DE8}") = "Test", "Test", "{5467A573-7B9A-4F8F-ACB5-5A1D93A3504E}"
EndProject
Project("{2150E333-8FDC-42A3-9474-1A3956D46DE8}") = "Core", "Core", "{C4D35C2E-DD37-4A17-A0DF-255F0072E97B}"
EndProject
Project("{2150E333-8FDC-42A3-9474-1A3956D46DE8}") = "Common", "Common", "{C03F8978-C032-4DC2-8D85-1B3672D661BC}"
EndProject
Project("{2150E333-8FDC-42A3-9474-1A3956D46DE8}") = "Infrastructure", "Infrastructure", "{72253824-7FD9-4B32-942A-55D392379705}"
EndProject
Project("{2150E333-8FDC-42A3-9474-1A3956D46DE8}") = "Presentaion", "Presentaion", "{B6133584-963C-405F-A412-DBF1DF9DDE8F}"
EndProject
Project("{9A19103F-16F7-4668-BE54-9A1E7A4F7556}") = "Gallery_Bafte_Soorati.Common", "Gallery_Bafte_Soorati.Common\Gallery_Bafte_Soorati.Common.csproj", "{563A75E5-6D98-4501-ADC7-43C01E25E6A4}"
EndProject
Project("{9A19103F-16F7-4668-BE54-9A1E7A4F7556}") = "Gallery_Bafte_Soorati.Domain", "Gallery_Bafte_Soorati.Domain\Gallery_Bafte_Soorati.Domain.csproj", "{D8F9C4DB-0FE1-47F5-9EAE-B17712A23CE6}"
EndProject
Project("{9A19103F-16F7-4668-BE54-9A1E7A4F7556}") = "Gallery_Bafte_Soorati.Application", "Gallery_Bafte_Soorati.Application\Gallery_Bafte_Soorati.Application.csproj", "{95A01A65-A6BD-4CEA-9FD8-0F7CDE53EDE1}"
EndProject
Project("{9A19103F-16F7-4668-BE54-9A1E7A4F7556}") = "Gallery_Bafte_Soorati.Infrastructure", "Gallery_Bafte_Soorati.Infrastructure\Gallery_Bafte_Soorati.Infrastructure.csproj", "{9D72D33E-453A-4A9A-B411-A49137ED21C2}"
EndProject
Project("{9A19103F-16F7-4668-BE54-9A1E7A4F7556}") = "Gallery_Bafte_Soorati.Presistance", "Gallery_Bafte_Soorati.Presistance\Gallery_Bafte_Soorati.Presistance.csproj", "{A3AC29C1-0ADA-4DB1-AA78-23182AB6C055}"
EndProject
Project("{9A19103F-16F7-4668-BE54-9A1E7A4F7556}") = "EndPoint.Gallery_Bafte_Soorati", "EndPoint.Gallery_Bafte_Soorati\EndPoint.Gallery_Bafte_Soorati.csproj", "{E88A8BB8-F007-4A09-A314-44D90FF2A05F}"
EndProject
Global
	GlobalSection(SolutionConfigurationPlatforms) = preSolution
		Debug|Any CPU = Debug|Any CPU
		Release|Any CPU = Release|Any CPU
	EndGlobalSection
	GlobalSection(ProjectConfigurationPlatforms) = postSolution
		{563A75E5-6D98-4501-ADC7-43C01E25E6A4}.Debug|Any CPU.ActiveCfg = Debug|Any CPU
		{563A75E5-6D98-4501-ADC7-43C01E25E6A4}.Debug|Any CPU.Build.0 = Debug|Any CPU
		{563A75E5-6D98-4501-ADC7-43C01E25E6A4}.Release|Any CPU.ActiveCfg = Release|Any CPU
		{563A75E5-6D98-4501-ADC7-43C01E25E6A4}.Release|Any CPU.Build.0 = Release|Any CPU
		{D8F9C4DB-0FE1-47F5-9EAE-B17712A23CE6}.Debug|Any CPU.ActiveCfg = Debug|Any CPU
		{D8F9C4DB-0FE1-47F5-9EAE-B17712A23CE6}.Debug|Any CPU.Build.0 = Debug|Any CPU
		{D8F9C4DB-0FE1-47F5-9EAE-B17712A23CE6}.Release|Any CPU.ActiveCfg = Release|Any CPU
		{D8F9C4DB-0FE1-47F5-9EAE-B17712A23CE6}.Release|Any CPU.Build.0 = Release|Any CPU
		{95A01A65-A6BD-4CEA-9FD8-0F7CDE53EDE1}.Debug|Any CPU.ActiveCfg = Debug|Any CPU
		{95A01A65-A6BD-4CEA-9FD8-0F7CDE53EDE1}.Debug|Any CPU.Build.0 = Debug|Any CPU
		{95A01A65-A6BD-4CEA-9FD8-0F7CDE53EDE1}.Release|Any CPU.ActiveCfg = Release|Any CPU
		{95A01A65-A6BD-4CEA-9FD8-0F7CDE53EDE1}.Release|Any CPU.Build.0 = Release|Any CPU
		{9D72D33E-453A-4A9A-B411-A49137ED21C2}.Debug|Any CPU.ActiveCfg = Debug|Any CPU
		{9D72D33E-453A-4A9A-B411-A49137ED21C2}.Debug|Any CPU.Build.0 = Debug|Any CPU
		{9D72D33E-453A-4A9A-B411-A49137ED21C2}.Release|Any CPU.ActiveCfg = Release|Any CPU
		{9D72D33E-453A-4A9A-B411-A49137ED21C2}.Release|Any CPU.Build.0 = Release|Any CPU
		{A3AC29C1-0ADA-4DB1-AA78-23182AB6C055}.Debug|Any CPU.ActiveCfg = Debug|Any CPU
		{A3AC29C1-0ADA-4DB1-AA78-23182AB6C055}.Debug|Any CPU.Build.0 = Debug|Any CPU
		{A3AC29C1-0ADA-4DB1-AA78-23182AB6C055}.Release|Any CPU.ActiveCfg = Release|Any CPU
		{A3AC29C1-0ADA-4DB1-AA78-23182AB6C055}.Release|Any CPU.Build.0 = Release|Any CPU
		{E88A8BB8-F007-4A09-A314-44D90FF2A05F}.Debug|Any CPU.ActiveCfg = Debug|Any CPU
		{E88A8BB8-F007-4A09-A314-44D90FF2A05F}.Debug|Any CPU.Build.0 = Debug|Any CPU
		{E88A8BB8-F007-4A09-A314-44D90FF2A05F}.Release|Any CPU.ActiveCfg = Release|Any CPU
		{E88A8BB8-F007-4A09-A314-44D90FF2A05F}.Release|Any CPU.Build.0 = Release|Any CPU
	EndGlobalSection
	GlobalSection(SolutionProperties) = preSolution
		HideSolutionNode = FALSE
	EndGlobalSection
	GlobalSection(NestedProjects) = preSolution
		{C4D35C2E-DD37-4A17-A0DF-255F0072E97B} = {439A4B5C-959B-45A5-BF95-BE295EDA7C90}
		{C03F8978-C032-4DC2-8D85-1B3672D661BC} = {439A4B5C-959B-45A5-BF95-BE295EDA7C90}
		{72253824-7FD9-4B32-942A-55D392379705} = {439A4B5C-959B-45A5-BF95-BE295EDA7C90}
		{B6133584-963C-405F-A412-DBF1DF9DDE8F} = {439A4B5C-959B-45A5-BF95-BE295EDA7C90}
		{563A75E5-6D98-4501-ADC7-43C01E25E6A4} = {C03F8978-C032-4DC2-8D85-1B3672D661BC}
		{D8F9C4DB-0FE1-47F5-9EAE-B17712A23CE6} = {C4D35C2E-DD37-4A17-A0DF-255F0072E97B}
		{95A01A65-A6BD-4CEA-9FD8-0F7CDE53EDE1} = {C4D35C2E-DD37-4A17-A0DF-255F0072E97B}
		{9D72D33E-453A-4A9A-B411-A49137ED21C2} = {72253824-7FD9-4B32-942A-55D392379705}
		{A3AC29C1-0ADA-4DB1-AA78-23182AB6C055} = {72253824-7FD9-4B32-942A-55D392379705}
		{E88A8BB8-F007-4A09-A314-44D90FF2A05F} = {B6133584-963C-405F-A412-DBF1DF9DDE8F}
	EndGlobalSection
	GlobalSection(ExtensibilityGlobals) = postSolution
		SolutionGuid = {EE736671-687A-4C72-9A01-5168867BD1B0}
	EndGlobalSection
EndGlobal
